
Microsoft Visual Studio Solution File, Format Version 12.00
# Visual Studio Version 17
VisualStudioVersion = 17.5.33530.505
MinimumVisualStudioVersion = 10.0.40219.1
Project("{FAE04EC0-301F-11D3-BF4B-00C04F79EFBC}") = "sample", "sample\sample.csproj", "{3BD87CE7-386A-41DF-A276-AD286811E52C}"
EndProject
Global
	GlobalSection(SolutionConfigurationPlatforms) = preSolution
		Debug|Any CPU = Debug|Any CPU
		Release|Any CPU = Release|Any CPU
	EndGlobalSection
	GlobalSection(ProjectConfigurationPlatforms) = postSolution
		{3BD87CE7-386A-41DF-A276-AD286811E52C}.Debug|Any CPU.ActiveCfg = Debug|Any CPU
		{3BD87CE7-386A-41DF-A276-AD286811E52C}.Debug|Any CPU.Build.0 = Debug|Any CPU
		{3BD87CE7-386A-41DF-A276-AD286811E52C}.Release|Any CPU.ActiveCfg = Release|Any CPU
		{3BD87CE7-386A-41DF-A276-AD286811E52C}.Release|Any CPU.Build.0 = Release|Any CPU
	EndGlobalSection
	GlobalSection(SolutionProperties) = preSolution
		HideSolutionNode = FALSE
	EndGlobalSection
	GlobalSection(ExtensibilityGlobals) = postSolution
		SolutionGuid = {F9D76D90-D8D8-4A45-9F0A-55F3F477A41F}
	EndGlobalSection
EndGlobal
